// !$*UTF8*$!
{
	archiveVersion = 1;
	classes = {
	};
	objectVersion = 50;
	objects = {

/* Begin PBXBuildFile section */
		F540D57922F14B9D00FA0617 /* AppDelegate.swift in Sources */ = {isa = PBXBuildFile; fileRef = F540D57822F14B9D00FA0617 /* AppDelegate.swift */; };
		F540D57E22F14B9D00FA0617 /* Main.storyboard in Resources */ = {isa = PBXBuildFile; fileRef = F540D57C22F14B9D00FA0617 /* Main.storyboard */; };
		F540D58022F14B9E00FA0617 /* Assets.xcassets in Resources */ = {isa = PBXBuildFile; fileRef = F540D57F22F14B9E00FA0617 /* Assets.xcassets */; };
		F540D58322F14B9E00FA0617 /* LaunchScreen.storyboard in Resources */ = {isa = PBXBuildFile; fileRef = F540D58122F14B9E00FA0617 /* LaunchScreen.storyboard */; };
		F540D58D22F1951000FA0617 /* LoginViewController.swift in Sources */ = {isa = PBXBuildFile; fileRef = F540D58C22F1951000FA0617 /* LoginViewController.swift */; };
		F540D58F22F1A44500FA0617 /* OrderTableViewCell.swift in Sources */ = {isa = PBXBuildFile; fileRef = F540D58E22F1A44500FA0617 /* OrderTableViewCell.swift */; };
		F540D59122F1A54E00FA0617 /* OrderListViewController.swift in Sources */ = {isa = PBXBuildFile; fileRef = F540D59022F1A54E00FA0617 /* OrderListViewController.swift */; };
		F540D59322F1A56300FA0617 /* CreateAccountViewController.swift in Sources */ = {isa = PBXBuildFile; fileRef = F540D59222F1A56300FA0617 /* CreateAccountViewController.swift */; };
		F540D59522F1A57300FA0617 /* AddOrderViewController.swift in Sources */ = {isa = PBXBuildFile; fileRef = F540D59422F1A57300FA0617 /* AddOrderViewController.swift */; };
		F540D59A22F1B2EB00FA0617 /* Extension.swift in Sources */ = {isa = PBXBuildFile; fileRef = F540D59922F1B2EB00FA0617 /* Extension.swift */; };
/* End PBXBuildFile section */

/* Begin PBXFileReference section */
		F540D57522F14B9D00FA0617 /* Tekcopia Exam.app */ = {isa = PBXFileReference; explicitFileType = wrapper.application; includeInIndex = 0; path = "Tekcopia Exam.app"; sourceTree = BUILT_PRODUCTS_DIR; };
		F540D57822F14B9D00FA0617 /* AppDelegate.swift */ = {isa = PBXFileReference; lastKnownFileType = sourcecode.swift; path = AppDelegate.swift; sourceTree = "<group>"; };
		F540D57D22F14B9D00FA0617 /* Base */ = {isa = PBXFileReference; lastKnownFileType = file.storyboard; name = Base; path = Base.lproj/Main.storyboard; sourceTree = "<group>"; };
		F540D57F22F14B9E00FA0617 /* Assets.xcassets */ = {isa = PBXFileReference; lastKnownFileType = folder.assetcatalog; path = Assets.xcassets; sourceTree = "<group>"; };
		F540D58222F14B9E00FA0617 /* Base */ = {isa = PBXFileReference; lastKnownFileType = file.storyboard; name = Base; path = Base.lproj/LaunchScreen.storyboard; sourceTree = "<group>"; };
		F540D58422F14B9E00FA0617 /* Info.plist */ = {isa = PBXFileReference; lastKnownFileType = text.plist.xml; path = Info.plist; sourceTree = "<group>"; };
		F540D58C22F1951000FA0617 /* LoginViewController.swift */ = {isa = PBXFileReference; lastKnownFileType = sourcecode.swift; path = LoginViewController.swift; sourceTree = "<group>"; };
		F540D58E22F1A44500FA0617 /* OrderTableViewCell.swift */ = {isa = PBXFileReference; lastKnownFileType = sourcecode.swift; path = OrderTableViewCell.swift; sourceTree = "<group>"; };
		F540D59022F1A54E00FA0617 /* OrderListViewController.swift */ = {isa = PBXFileReference; lastKnownFileType = sourcecode.swift; path = OrderListViewController.swift; sourceTree = "<group>"; };
		F540D59222F1A56300FA0617 /* CreateAccountViewController.swift */ = {isa = PBXFileReference; lastKnownFileType = sourcecode.swift; path = CreateAccountViewController.swift; sourceTree = "<group>"; };
		F540D59422F1A57300FA0617 /* AddOrderViewController.swift */ = {isa = PBXFileReference; lastKnownFileType = sourcecode.swift; path = AddOrderViewController.swift; sourceTree = "<group>"; };
		F540D59922F1B2EB00FA0617 /* Extension.swift */ = {isa = PBXFileReference; lastKnownFileType = sourcecode.swift; path = Extension.swift; sourceTree = "<group>"; };
/* End PBXFileReference section */

/* Begin PBXFrameworksBuildPhase section */
		F540D57222F14B9D00FA0617 /* Frameworks */ = {
			isa = PBXFrameworksBuildPhase;
			buildActionMask = 2147483647;
			files = (
			);
			runOnlyForDeploymentPostprocessing = 0;
		};
/* End PBXFrameworksBuildPhase section */

/* Begin PBXGroup section */
		F540D56C22F14B9D00FA0617 = {
			isa = PBXGroup;
			children = (
				F540D57722F14B9D00FA0617 /* Tekcopia Exam */,
				F540D57622F14B9D00FA0617 /* Products */,
			);
			sourceTree = "<group>";
		};
		F540D57622F14B9D00FA0617 /* Products */ = {
			isa = PBXGroup;
			children = (
				F540D57522F14B9D00FA0617 /* Tekcopia Exam.app */,
			);
			name = Products;
			sourceTree = "<group>";
		};
		F540D57722F14B9D00FA0617 /* Tekcopia Exam */ = {
			isa = PBXGroup;
			children = (
				F540D58B22F193F200FA0617 /* View */,
				F540D58A22F193E500FA0617 /* ViewController */,
				F540D59622F1B26D00FA0617 /* Helper */,
				F540D57822F14B9D00FA0617 /* AppDelegate.swift */,
				F540D57F22F14B9E00FA0617 /* Assets.xcassets */,
				F540D58122F14B9E00FA0617 /* LaunchScreen.storyboard */,
				F540D58422F14B9E00FA0617 /* Info.plist */,
			);
			path = "Tekcopia Exam";
			sourceTree = "<group>";
		};
		F540D58A22F193E500FA0617 /* ViewController */ = {
			isa = PBXGroup;
			children = (
				F540D58C22F1951000FA0617 /* LoginViewController.swift */,
				F540D59222F1A56300FA0617 /* CreateAccountViewController.swift */,
				F540D59022F1A54E00FA0617 /* OrderListViewController.swift */,
				F540D59422F1A57300FA0617 /* AddOrderViewController.swift */,
			);
			path = ViewController;
			sourceTree = "<group>";
		};
		F540D58B22F193F200FA0617 /* View */ = {
			isa = PBXGroup;
			children = (
				F540D57C22F14B9D00FA0617 /* Main.storyboard */,
				F540D58E22F1A44500FA0617 /* OrderTableViewCell.swift */,
			);
			path = View;
			sourceTree = "<group>";
		};
		F540D59622F1B26D00FA0617 /* Helper */ = {
			isa = PBXGroup;
			children = (
				F540D59922F1B2EB00FA0617 /* Extension.swift */,
			);
			path = Helper;
			sourceTree = "<group>";
		};
/* End PBXGroup section */

/* Begin PBXNativeTarget section */
		F540D57422F14B9D00FA0617 /* Tekcopia Exam */ = {
			isa = PBXNativeTarget;
			buildConfigurationList = F540D58722F14B9E00FA0617 /* Build configuration list for PBXNativeTarget "Tekcopia Exam" */;
			buildPhases = (
				F540D57122F14B9D00FA0617 /* Sources */,
				F540D57222F14B9D00FA0617 /* Frameworks */,
				F540D57322F14B9D00FA0617 /* Resources */,
			);
			buildRules = (
			);
			dependencies = (
			);
			name = "Tekcopia Exam";
			productName = "Tekcopia Exam";
			productReference = F540D57522F14B9D00FA0617 /* Tekcopia Exam.app */;
			productType = "com.apple.product-type.application";
		};
/* End PBXNativeTarget section */

/* Begin PBXProject section */
		F540D56D22F14B9D00FA0617 /* Project object */ = {
			isa = PBXProject;
			attributes = {
				LastSwiftUpdateCheck = 1020;
				LastUpgradeCheck = 1020;
				ORGANIZATIONNAME = "Allan Pagdanganan";
				TargetAttributes = {
					F540D57422F14B9D00FA0617 = {
						CreatedOnToolsVersion = 10.2.1;
					};
				};
			};
			buildConfigurationList = F540D57022F14B9D00FA0617 /* Build configuration list for PBXProject "Tekcopia Exam" */;
			compatibilityVersion = "Xcode 9.3";
			developmentRegion = en;
			hasScannedForEncodings = 0;
			knownRegions = (
				en,
				Base,
			);
			mainGroup = F540D56C22F14B9D00FA0617;
			productRefGroup = F540D57622F14B9D00FA0617 /* Products */;
			projectDirPath = "";
			projectRoot = "";
			targets = (
				F540D57422F14B9D00FA0617 /* Tekcopia Exam */,
			);
		};
/* End PBXProject section */

/* Begin PBXResourcesBuildPhase section */
		F540D57322F14B9D00FA0617 /* Resources */ = {
			isa = PBXResourcesBuildPhase;
			buildActionMask = 2147483647;
			files = (
				F540D58322F14B9E00FA0617 /* LaunchScreen.storyboard in Resources */,
				F540D58022F14B9E00FA0617 /* Assets.xcassets in Resources */,
				F540D57E22F14B9D00FA0617 /* Main.storyboard in Resources */,
			);
			runOnlyForDeploymentPostprocessing = 0;
		};
/* End PBXResourcesBuildPhase section */

/* Begin PBXSourcesBuildPhase section */
		F540D57122F14B9D00FA0617 /* Sources */ = {
			isa = PBXSourcesBuildPhase;
			buildActionMask = 2147483647;
			files = (
				F540D59322F1A56300FA0617 /* CreateAccountViewController.swift in Sources */,
				F540D58F22F1A44500FA0617 /* OrderTableViewCell.swift in Sources */,
				F540D59A22F1B2EB00FA0617 /* Extension.swift in Sources */,
				F540D58D22F1951000FA0617 /* LoginViewController.swift in Sources */,
				F540D57922F14B9D00FA0617 /* AppDelegate.swift in Sources */,
				F540D59122F1A54E00FA0617 /* OrderListViewController.swift in Sources */,
				F540D59522F1A57300FA0617 /* AddOrderViewController.swift in Sources */,
			);
			runOnlyForDeploymentPostprocessing = 0;
		};
/* End PBXSourcesBuildPhase section */

/* Begin PBXVariantGroup section */
		F540D57C22F14B9D00FA0617 /* Main.storyboard */ = {
			isa = PBXVariantGroup;
			children = (
				F540D57D22F14B9D00FA0617 /* Base */,
			);
			name = Main.storyboard;
			sourceTree = "<group>";
		};
		F540D58122F14B9E00FA0617 /* LaunchScreen.storyboard */ = {
			isa = PBXVariantGroup;
			children = (
				F540D58222F14B9E00FA0617 /* Base */,
			);
			name = LaunchScreen.storyboard;
			sourceTree = "<group>";
		};
/* End PBXVariantGroup section */

/* Begin XCBuildConfiguration section */
		F540D58522F14B9E00FA0617 /* Debug */ = {
			isa = XCBuildConfiguration;
			buildSettings = {
				ALWAYS_SEARCH_USER_PATHS = NO;
				CLANG_ANALYZER_NONNULL = YES;
				CLANG_ANALYZER_NUMBER_OBJECT_CONVERSION = YES_AGGRESSIVE;
				CLANG_CXX_LANGUAGE_STANDARD = "gnu++14";
				CLANG_CXX_LIBRARY = "libc++";
				CLANG_ENABLE_MODULES = YES;
				CLANG_ENABLE_OBJC_ARC = YES;
				CLANG_ENABLE_OBJC_WEAK = YES;
				CLANG_WARN_BLOCK_CAPTURE_AUTORELEASING = YES;
				CLANG_WARN_BOOL_CONVERSION = YES;
				CLANG_WARN_COMMA = YES;
				CLANG_WARN_CONSTANT_CONVERSION = YES;
				CLANG_WARN_DEPRECATED_OBJC_IMPLEMENTATIONS = YES;
				CLANG_WARN_DIRECT_OBJC_ISA_USAGE = YES_ERROR;
				CLANG_WARN_DOCUMENTATION_COMMENTS = YES;
				CLANG_WARN_EMPTY_BODY = YES;
				CLANG_WARN_ENUM_CONVERSION = YES;
				CLANG_WARN_INFINITE_RECURSION = YES;
				CLANG_WARN_INT_CONVERSION = YES;
				CLANG_WARN_NON_LITERAL_NULL_CONVERSION = YES;
				CLANG_WARN_OBJC_IMPLICIT_RETAIN_SELF = YES;
				CLANG_WARN_OBJC_LITERAL_CONVERSION = YES;
				CLANG_WARN_OBJC_ROOT_CLASS = YES_ERROR;
				CLANG_WARN_RANGE_LOOP_ANALYSIS = YES;
				CLANG_WARN_STRICT_PROTOTYPES = YES;
				CLANG_WARN_SUSPICIOUS_MOVE = YES;
				CLANG_WARN_UNGUARDED_AVAILABILITY = YES_AGGRESSIVE;
				CLANG_WARN_UNREACHABLE_CODE = YES;
				CLANG_WARN__DUPLICATE_METHOD_MATCH = YES;
				CODE_SIGN_IDENTITY = "iPhone Developer";
				COPY_PHASE_STRIP = NO;
				DEBUG_INFORMATION_FORMAT = dwarf;
				ENABLE_STRICT_OBJC_MSGSEND = YES;
				ENABLE_TESTABILITY = YES;
				GCC_C_LANGUAGE_STANDARD = gnu11;
				GCC_DYNAMIC_NO_PIC = NO;
				GCC_NO_COMMON_BLOCKS = YES;
				GCC_OPTIMIZATION_LEVEL = 0;
				GCC_PREPROCESSOR_DEFINITIONS = (
					"DEBUG=1",
					"$(inherited)",
				);
				GCC_WARN_64_TO_32_BIT_CONVERSION = YES;
				GCC_WARN_ABOUT_RETURN_TYPE = YES_ERROR;
				GCC_WARN_UNDECLARED_SELECTOR = YES;
				GCC_WARN_UNINITIALIZED_AUTOS = YES_AGGRESSIVE;
				GCC_WARN_UNUSED_FUNCTION = YES;
				GCC_WARN_UNUSED_VARIABLE = YES;
				IPHONEOS_DEPLOYMENT_TARGET = 12.2;
				MTL_ENABLE_DEBUG_INFO = INCLUDE_SOURCE;
				MTL_FAST_MATH = YES;
				ONLY_ACTIVE_ARCH = YES;
				SDKROOT = iphoneos;
				SWIFT_ACTIVE_COMPILATION_CONDITIONS = DEBUG;
				SWIFT_OPTIMIZATION_LEVEL = "-Onone";
			};
			name = Debug;
		};
		F540D58622F14B9E00FA0617 /* Release */ = {
			isa = XCBuildConfiguration;
			buildSettings = {
				ALWAYS_SEARCH_USER_PATHS = NO;
				CLANG_ANALYZER_NONNULL = YES;
				CLANG_ANALYZER_NUMBER_OBJECT_CONVERSION = YES_AGGRESSIVE;
				CLANG_CXX_LANGUAGE_STANDARD = "gnu++14";
				CLANG_CXX_LIBRARY = "libc++";
				CLANG_ENABLE_MODULES = YES;
				CLANG_ENABLE_OBJC_ARC = YES;
				CLANG_ENABLE_OBJC_WEAK = YES;
				CLANG_WARN_BLOCK_CAPTURE_AUTORELEASING = YES;
				CLANG_WARN_BOOL_CONVERSION = YES;
				CLANG_WARN_COMMA = YES;
				CLANG_WARN_CONSTANT_CONVERSION = YES;
				CLANG_WARN_DEPRECATED_OBJC_IMPLEMENTATIONS = YES;
				CLANG_WARN_DIRECT_OBJC_ISA_USAGE = YES_ERROR;
				CLANG_WARN_DOCUMENTATION_COMMENTS = YES;
				CLANG_WARN_EMPTY_BODY = YES;
				CLANG_WARN_ENUM_CONVERSION = YES;
				CLANG_WARN_INFINITE_RECURSION = YES;
				CLANG_WARN_INT_CONVERSION = YES;
				CLANG_WARN_NON_LITERAL_NULL_CONVERSION = YES;
				CLANG_WARN_OBJC_IMPLICIT_RETAIN_SELF = YES;
				CLANG_WARN_OBJC_LITERAL_CONVERSION = YES;
				CLANG_WARN_OBJC_ROOT_CLASS = YES_ERROR;
				CLANG_WARN_RANGE_LOOP_ANALYSIS = YES;
				CLANG_WARN_STRICT_PROTOTYPES = YES;
				CLANG_WARN_SUSPICIOUS_MOVE = YES;
				CLANG_WARN_UNGUARDED_AVAILABILITY = YES_AGGRESSIVE;
				CLANG_WARN_UNREACHABLE_CODE = YES;
				CLANG_WARN__DUPLICATE_METHOD_MATCH = YES;
				CODE_SIGN_IDENTITY = "iPhone Developer";
				COPY_PHASE_STRIP = NO;
				DEBUG_INFORMATION_FORMAT = "dwarf-with-dsym";
				ENABLE_NS_ASSERTIONS = NO;
				ENABLE_STRICT_OBJC_MSGSEND = YES;
				GCC_C_LANGUAGE_STANDARD = gnu11;
				GCC_NO_COMMON_BLOCKS = YES;
				GCC_WARN_64_TO_32_BIT_CONVERSION = YES;
				GCC_WARN_ABOUT_RETURN_TYPE = YES_ERROR;
				GCC_WARN_UNDECLARED_SELECTOR = YES;
				GCC_WARN_UNINITIALIZED_AUTOS = YES_AGGRESSIVE;
				GCC_WARN_UNUSED_FUNCTION = YES;
				GCC_WARN_UNUSED_VARIABLE = YES;
				IPHONEOS_DEPLOYMENT_TARGET = 12.2;
				MTL_ENABLE_DEBUG_INFO = NO;
				MTL_FAST_MATH = YES;
				SDKROOT = iphoneos;
				SWIFT_COMPILATION_MODE = wholemodule;
				SWIFT_OPTIMIZATION_LEVEL = "-O";
				VALIDATE_PRODUCT = YES;
			};
			name = Release;
		};
		F540D58822F14B9E00FA0617 /* Debug */ = {
			isa = XCBuildConfiguration;
			buildSettings = {
				ASSETCATALOG_COMPILER_APPICON_NAME = AppIcon;
				CODE_SIGN_STYLE = Automatic;
				DEVELOPMENT_TEAM = 6JSAHZ3JB4;
				INFOPLIST_FILE = "Tekcopia Exam/Info.plist";
				LD_RUNPATH_SEARCH_PATHS = (
					"$(inherited)",
					"@executable_path/Frameworks",
				);
				PRODUCT_BUNDLE_IDENTIFIER = "Tekcopia.Tekcopia-Exam";
				PRODUCT_NAME = "$(TARGET_NAME)";
				SWIFT_VERSION = 5.0;
				TARGETED_DEVICE_FAMILY = "1,2";
			};
			name = Debug;
		};
		F540D58922F14B9E00FA0617 /* Release */ = {
			isa = XCBuildConfiguration;
			buildSettings = {
				ASSETCATALOG_COMPILER_APPICON_NAME = AppIcon;
				CODE_SIGN_STYLE = Automatic;
				DEVELOPMENT_TEAM = 6JSAHZ3JB4;
				INFOPLIST_FILE = "Tekcopia Exam/Info.plist";
				LD_RUNPATH_SEARCH_PATHS = (
					"$(inherited)",
					"@executable_path/Frameworks",
				);
				PRODUCT_BUNDLE_IDENTIFIER = "Tekcopia.Tekcopia-Exam";
				PRODUCT_NAME = "$(TARGET_NAME)";
				SWIFT_VERSION = 5.0;
				TARGETED_DEVICE_FAMILY = "1,2";
			};
			name = Release;
		};
/* End XCBuildConfiguration section */

/* Begin XCConfigurationList section */
		F540D57022F14B9D00FA0617 /* Build configuration list for PBXProject "Tekcopia Exam" */ = {
			isa = XCConfigurationList;
			buildConfigurations = (
				F540D58522F14B9E00FA0617 /* Debug */,
				F540D58622F14B9E00FA0617 /* Release */,
			);
			defaultConfigurationIsVisible = 0;
			defaultConfigurationName = Release;
		};
		F540D58722F14B9E00FA0617 /* Build configuration list for PBXNativeTarget "Tekcopia Exam" */ = {
			isa = XCConfigurationList;
			buildConfigurations = (
				F540D58822F14B9E00FA0617 /* Debug */,
				F540D58922F14B9E00FA0617 /* Release */,
			);
			defaultConfigurationIsVisible = 0;
			defaultConfigurationName = Release;
		};
/* End XCConfigurationList section */
	};
	rootObject = F540D56D22F14B9D00FA0617 /* Project object */;
}
